
Microsoft Visual Studio Solution File, Format Version 12.00
# Visual Studio Version 16
VisualStudioVersion = 16.0.30804.86
MinimumVisualStudioVersion = 10.0.40219.1
Project("{FAE04EC0-301F-11D3-BF4B-00C04F79EFBC}") = "MongoLocks", "MongoLocks\MongoLocks.csproj", "{1AD1481D-C727-4EFF-B2F7-BB6A5D56CEB2}"
EndProject
Project("{FAE04EC0-301F-11D3-BF4B-00C04F79EFBC}") = "MongoLocks.Tests", "MongoLocks.Tests\MongoLocks.Tests.csproj", "{6400A5E0-3BAC-42D1-A085-871B816AD21D}"
EndProject
Global
	GlobalSection(SolutionConfigurationPlatforms) = preSolution
		Debug|Any CPU = Debug|Any CPU
		Release|Any CPU = Release|Any CPU
	EndGlobalSection
	GlobalSection(ProjectConfigurationPlatforms) = postSolution
		{1AD1481D-C727-4EFF-B2F7-BB6A5D56CEB2}.Debug|Any CPU.ActiveCfg = Debug|Any CPU
		{1AD1481D-C727-4EFF-B2F7-BB6A5D56CEB2}.Debug|Any CPU.Build.0 = Debug|Any CPU
		{1AD1481D-C727-4EFF-B2F7-BB6A5D56CEB2}.Release|Any CPU.ActiveCfg = Release|Any CPU
		{1AD1481D-C727-4EFF-B2F7-BB6A5D56CEB2}.Release|Any CPU.Build.0 = Release|Any CPU
		{6400A5E0-3BAC-42D1-A085-871B816AD21D}.Debug|Any CPU.ActiveCfg = Debug|Any CPU
		{6400A5E0-3BAC-42D1-A085-871B816AD21D}.Debug|Any CPU.Build.0 = Debug|Any CPU
		{6400A5E0-3BAC-42D1-A085-871B816AD21D}.Release|Any CPU.ActiveCfg = Release|Any CPU
		{6400A5E0-3BAC-42D1-A085-871B816AD21D}.Release|Any CPU.Build.0 = Release|Any CPU
	EndGlobalSection
	GlobalSection(SolutionProperties) = preSolution
		HideSolutionNode = FALSE
	EndGlobalSection
	GlobalSection(ExtensibilityGlobals) = postSolution
		SolutionGuid = {5CD5803E-D782-4664-8E2D-DA72F65DDD99}
	EndGlobalSection
EndGlobal
